
Microsoft Visual Studio Solution File, Format Version 12.00
# Visual Studio 15
VisualStudioVersion = 15.0.28307.271
MinimumVisualStudioVersion = 10.0.40219.1
Project("{FAE04EC0-301F-11D3-BF4B-00C04F79EFBC}") = "planeter", "planeter\planeter.csproj", "{CA199964-1E76-4154-856D-9E5BBF86689E}"
EndProject
Global
	GlobalSection(SolutionConfigurationPlatforms) = preSolution
		Debug|Any CPU = Debug|Any CPU
		Release|Any CPU = Release|Any CPU
	EndGlobalSection
	GlobalSection(ProjectConfigurationPlatforms) = postSolution
		{CA199964-1E76-4154-856D-9E5BBF86689E}.Debug|Any CPU.ActiveCfg = Debug|Any CPU
		{CA199964-1E76-4154-856D-9E5BBF86689E}.Debug|Any CPU.Build.0 = Debug|Any CPU
		{CA199964-1E76-4154-856D-9E5BBF86689E}.Release|Any CPU.ActiveCfg = Release|Any CPU
		{CA199964-1E76-4154-856D-9E5BBF86689E}.Release|Any CPU.Build.0 = Release|Any CPU
	EndGlobalSection
	GlobalSection(SolutionProperties) = preSolution
		HideSolutionNode = FALSE
	EndGlobalSection
	GlobalSection(ExtensibilityGlobals) = postSolution
		SolutionGuid = {EE9313F7-2FDC-44C4-93EB-0946363F3295}
	EndGlobalSection
EndGlobal
